
Microsoft Visual Studio Solution File, Format Version 12.00
# Visual Studio 15
VisualStudioVersion = 15.0.28010.2026
MinimumVisualStudioVersion = 10.0.40219.1
Project("{9A19103F-16F7-4668-BE54-9A1E7A4F7556}") = "TankMonitor", "TankMonitor\TankMonitor.csproj", "{F28EB747-EF3A-402E-A3A5-49491206E442}"
EndProject
Global
	GlobalSection(SolutionConfigurationPlatforms) = preSolution
		Debug|Any CPU = Debug|Any CPU
		Release|Any CPU = Release|Any CPU
	EndGlobalSection
	GlobalSection(ProjectConfigurationPlatforms) = postSolution
		{F28EB747-EF3A-402E-A3A5-49491206E442}.Debug|Any CPU.ActiveCfg = Debug|Any CPU
		{F28EB747-EF3A-402E-A3A5-49491206E442}.Debug|Any CPU.Build.0 = Debug|Any CPU
		{F28EB747-EF3A-402E-A3A5-49491206E442}.Release|Any CPU.ActiveCfg = Release|Any CPU
		{F28EB747-EF3A-402E-A3A5-49491206E442}.Release|Any CPU.Build.0 = Release|Any CPU
	EndGlobalSection
	GlobalSection(SolutionProperties) = preSolution
		HideSolutionNode = FALSE
	EndGlobalSection
	GlobalSection(ExtensibilityGlobals) = postSolution
		SolutionGuid = {47E2C6B1-D9DA-475C-875B-3B508CAB6699}
	EndGlobalSection
EndGlobal
